
Microsoft Visual Studio Solution File, Format Version 12.00
# Visual Studio Version 17
VisualStudioVersion = 17.3.32929.385
MinimumVisualStudioVersion = 10.0.40219.1
Project("{8BC9CEB8-8B4A-11D0-8D11-00A0C91BC942}") = "TP2_Exercice", "TP2_Exercice\TP2_Exercice.vcxproj", "{F11CF6A9-8C2B-4686-BE8B-E7FB3AA8F674}"
EndProject
Global
	GlobalSection(SolutionConfigurationPlatforms) = preSolution
		Debug|x64 = Debug|x64
		Debug|x86 = Debug|x86
		Release|x64 = Release|x64
		Release|x86 = Release|x86
	EndGlobalSection
	GlobalSection(ProjectConfigurationPlatforms) = postSolution
		{F11CF6A9-8C2B-4686-BE8B-E7FB3AA8F674}.Debug|x64.ActiveCfg = Debug|x64
		{F11CF6A9-8C2B-4686-BE8B-E7FB3AA8F674}.Debug|x64.Build.0 = Debug|x64
		{F11CF6A9-8C2B-4686-BE8B-E7FB3AA8F674}.Debug|x86.ActiveCfg = Debug|Win32
		{F11CF6A9-8C2B-4686-BE8B-E7FB3AA8F674}.Debug|x86.Build.0 = Debug|Win32
		{F11CF6A9-8C2B-4686-BE8B-E7FB3AA8F674}.Release|x64.ActiveCfg = Release|x64
		{F11CF6A9-8C2B-4686-BE8B-E7FB3AA8F674}.Release|x64.Build.0 = Release|x64
		{F11CF6A9-8C2B-4686-BE8B-E7FB3AA8F674}.Release|x86.ActiveCfg = Release|Win32
		{F11CF6A9-8C2B-4686-BE8B-E7FB3AA8F674}.Release|x86.Build.0 = Release|Win32
	EndGlobalSection
	GlobalSection(SolutionProperties) = preSolution
		HideSolutionNode = FALSE
	EndGlobalSection
	GlobalSection(ExtensibilityGlobals) = postSolution
		SolutionGuid = {1806E993-14FE-412F-BEED-85177ACE306E}
	EndGlobalSection
EndGlobal
